// !$*UTF8*$!
{
	archiveVersion = 1;
	classes = {
	};
	objectVersion = 46;
	objects = {

/* Begin PBXBuildFile section */
		FAC82C341D40C70600230CE2 /* AppDelegate.swift in Sources */ = {isa = PBXBuildFile; fileRef = FAC82C331D40C70600230CE2 /* AppDelegate.swift */; };
		FAC82C361D40C70600230CE2 /* ViewController.swift in Sources */ = {isa = PBXBuildFile; fileRef = FAC82C351D40C70600230CE2 /* ViewController.swift */; };
		FAC82C391D40C70600230CE2 /* Main.storyboard in Resources */ = {isa = PBXBuildFile; fileRef = FAC82C371D40C70600230CE2 /* Main.storyboard */; };
		FAC82C3B1D40C70600230CE2 /* Assets.xcassets in Resources */ = {isa = PBXBuildFile; fileRef = FAC82C3A1D40C70600230CE2 /* Assets.xcassets */; };
		FAC82C3E1D40C70600230CE2 /* LaunchScreen.storyboard in Resources */ = {isa = PBXBuildFile; fileRef = FAC82C3C1D40C70600230CE2 /* LaunchScreen.storyboard */; };
/* End PBXBuildFile section */

/* Begin PBXFileReference section */
		FAC82C301D40C70500230CE2 /* photoSender.app */ = {isa = PBXFileReference; explicitFileType = wrapper.application; includeInIndex = 0; path = photoSender.app; sourceTree = BUILT_PRODUCTS_DIR; };
		FAC82C331D40C70600230CE2 /* AppDelegate.swift */ = {isa = PBXFileReference; lastKnownFileType = sourcecode.swift; path = AppDelegate.swift; sourceTree = "<group>"; };
		FAC82C351D40C70600230CE2 /* ViewController.swift */ = {isa = PBXFileReference; lastKnownFileType = sourcecode.swift; path = ViewController.swift; sourceTree = "<group>"; };
		FAC82C381D40C70600230CE2 /* Base */ = {isa = PBXFileReference; lastKnownFileType = file.storyboard; name = Base; path = Base.lproj/Main.storyboard; sourceTree = "<group>"; };
		FAC82C3A1D40C70600230CE2 /* Assets.xcassets */ = {isa = PBXFileReference; lastKnownFileType = folder.assetcatalog; path = Assets.xcassets; sourceTree = "<group>"; };
		FAC82C3D1D40C70600230CE2 /* Base */ = {isa = PBXFileReference; lastKnownFileType = file.storyboard; name = Base; path = Base.lproj/LaunchScreen.storyboard; sourceTree = "<group>"; };
		FAC82C3F1D40C70600230CE2 /* Info.plist */ = {isa = PBXFileReference; lastKnownFileType = text.plist.xml; path = Info.plist; sourceTree = "<group>"; };
/* End PBXFileReference section */

/* Begin PBXFrameworksBuildPhase section */
		FAC82C2D1D40C70500230CE2 /* Frameworks */ = {
			isa = PBXFrameworksBuildPhase;
			buildActionMask = 2147483647;
			files = (
			);
			runOnlyForDeploymentPostprocessing = 0;
		};
/* End PBXFrameworksBuildPhase section */

/* Begin PBXGroup section */
		FAC82C271D40C70500230CE2 = {
			isa = PBXGroup;
			children = (
				FAC82C321D40C70600230CE2 /* photoSender */,
				FAC82C311D40C70500230CE2 /* Products */,
			);
			sourceTree = "<group>";
		};
		FAC82C311D40C70500230CE2 /* Products */ = {
			isa = PBXGroup;
			children = (
				FAC82C301D40C70500230CE2 /* photoSender.app */,
			);
			name = Products;
			sourceTree = "<group>";
		};
		FAC82C321D40C70600230CE2 /* photoSender */ = {
			isa = PBXGroup;
			children = (
				FAC82C331D40C70600230CE2 /* AppDelegate.swift */,
				FAC82C351D40C70600230CE2 /* ViewController.swift */,
				FAC82C371D40C70600230CE2 /* Main.storyboard */,
				FAC82C3A1D40C70600230CE2 /* Assets.xcassets */,
				FAC82C3C1D40C70600230CE2 /* LaunchScreen.storyboard */,
				FAC82C3F1D40C70600230CE2 /* Info.plist */,
			);
			path = photoSender;
			sourceTree = "<group>";
		};
/* End PBXGroup section */

/* Begin PBXNativeTarget section */
		FAC82C2F1D40C70500230CE2 /* photoSender */ = {
			isa = PBXNativeTarget;
			buildConfigurationList = FAC82C421D40C70600230CE2 /* Build configuration list for PBXNativeTarget "photoSender" */;
			buildPhases = (
				FAC82C2C1D40C70500230CE2 /* Sources */,
				FAC82C2D1D40C70500230CE2 /* Frameworks */,
				FAC82C2E1D40C70500230CE2 /* Resources */,
			);
			buildRules = (
			);
			dependencies = (
			);
			name = photoSender;
			productName = photoSender;
			productReference = FAC82C301D40C70500230CE2 /* photoSender.app */;
			productType = "com.apple.product-type.application";
		};
/* End PBXNativeTarget section */

/* Begin PBXProject section */
		FAC82C281D40C70500230CE2 /* Project object */ = {
			isa = PBXProject;
			attributes = {
				LastSwiftUpdateCheck = 0720;
				LastUpgradeCheck = 0720;
				ORGANIZATIONNAME = macbook;
				TargetAttributes = {
					FAC82C2F1D40C70500230CE2 = {
						CreatedOnToolsVersion = 7.2;
						DevelopmentTeam = ZFJQ8ZMC8J;
					};
				};
			};
			buildConfigurationList = FAC82C2B1D40C70500230CE2 /* Build configuration list for PBXProject "photoSender" */;
			compatibilityVersion = "Xcode 3.2";
			developmentRegion = English;
			hasScannedForEncodings = 0;
			knownRegions = (
				en,
				Base,
			);
			mainGroup = FAC82C271D40C70500230CE2;
			productRefGroup = FAC82C311D40C70500230CE2 /* Products */;
			projectDirPath = "";
			projectRoot = "";
			targets = (
				FAC82C2F1D40C70500230CE2 /* photoSender */,
			);
		};
/* End PBXProject section */

/* Begin PBXResourcesBuildPhase section */
		FAC82C2E1D40C70500230CE2 /* Resources */ = {
			isa = PBXResourcesBuildPhase;
			buildActionMask = 2147483647;
			files = (
				FAC82C3E1D40C70600230CE2 /* LaunchScreen.storyboard in Resources */,
				FAC82C3B1D40C70600230CE2 /* Assets.xcassets in Resources */,
				FAC82C391D40C70600230CE2 /* Main.storyboard in Resources */,
			);
			runOnlyForDeploymentPostprocessing = 0;
		};
/* End PBXResourcesBuildPhase section */

/* Begin PBXSourcesBuildPhase section */
		FAC82C2C1D40C70500230CE2 /* Sources */ = {
			isa = PBXSourcesBuildPhase;
			buildActionMask = 2147483647;
			files = (
				FAC82C361D40C70600230CE2 /* ViewController.swift in Sources */,
				FAC82C341D40C70600230CE2 /* AppDelegate.swift in Sources */,
			);
			runOnlyForDeploymentPostprocessing = 0;
		};
/* End PBXSourcesBuildPhase section */

/* Begin PBXVariantGroup section */
		FAC82C371D40C70600230CE2 /* Main.storyboard */ = {
			isa = PBXVariantGroup;
			children = (
				FAC82C381D40C70600230CE2 /* Base */,
			);
			name = Main.storyboard;
			sourceTree = "<group>";
		};
		FAC82C3C1D40C70600230CE2 /* LaunchScreen.storyboard */ = {
			isa = PBXVariantGroup;
			children = (
				FAC82C3D1D40C70600230CE2 /* Base */,
			);
			name = LaunchScreen.storyboard;
			sourceTree = "<group>";
		};
/* End PBXVariantGroup section */

/* Begin XCBuildConfiguration section */
		FAC82C401D40C70600230CE2 /* Debug */ = {
			isa = XCBuildConfiguration;
			buildSettings = {
				ALWAYS_SEARCH_USER_PATHS = NO;
				CLANG_CXX_LANGUAGE_STANDARD = "gnu++0x";
				CLANG_CXX_LIBRARY = "libc++";
				CLANG_ENABLE_MODULES = YES;
				CLANG_ENABLE_OBJC_ARC = YES;
				CLANG_WARN_BOOL_CONVERSION = YES;
				CLANG_WARN_CONSTANT_CONVERSION = YES;
				CLANG_WARN_DIRECT_OBJC_ISA_USAGE = YES_ERROR;
				CLANG_WARN_EMPTY_BODY = YES;
				CLANG_WARN_ENUM_CONVERSION = YES;
				CLANG_WARN_INT_CONVERSION = YES;
				CLANG_WARN_OBJC_ROOT_CLASS = YES_ERROR;
				CLANG_WARN_UNREACHABLE_CODE = YES;
				CLANG_WARN__DUPLICATE_METHOD_MATCH = YES;
				"CODE_SIGN_IDENTITY[sdk=iphoneos*]" = "iPhone Developer";
				COPY_PHASE_STRIP = NO;
				DEBUG_INFORMATION_FORMAT = dwarf;
				ENABLE_STRICT_OBJC_MSGSEND = YES;
				ENABLE_TESTABILITY = YES;
				GCC_C_LANGUAGE_STANDARD = gnu99;
				GCC_DYNAMIC_NO_PIC = NO;
				GCC_NO_COMMON_BLOCKS = YES;
				GCC_OPTIMIZATION_LEVEL = 0;
				GCC_PREPROCESSOR_DEFINITIONS = (
					"DEBUG=1",
					"$(inherited)",
				);
				GCC_WARN_64_TO_32_BIT_CONVERSION = YES;
				GCC_WARN_ABOUT_RETURN_TYPE = YES_ERROR;
				GCC_WARN_UNDECLARED_SELECTOR = YES;
				GCC_WARN_UNINITIALIZED_AUTOS = YES_AGGRESSIVE;
				GCC_WARN_UNUSED_FUNCTION = YES;
				GCC_WARN_UNUSED_VARIABLE = YES;
				IPHONEOS_DEPLOYMENT_TARGET = 9.2;
				MTL_ENABLE_DEBUG_INFO = YES;
				ONLY_ACTIVE_ARCH = YES;
				SDKROOT = iphoneos;
				SWIFT_OPTIMIZATION_LEVEL = "-Onone";
			};
			name = Debug;
		};
		FAC82C411D40C70600230CE2 /* Release */ = {
			isa = XCBuildConfiguration;
			buildSettings = {
				ALWAYS_SEARCH_USER_PATHS = NO;
				CLANG_CXX_LANGUAGE_STANDARD = "gnu++0x";
				CLANG_CXX_LIBRARY = "libc++";
				CLANG_ENABLE_MODULES = YES;
				CLANG_ENABLE_OBJC_ARC = YES;
				CLANG_WARN_BOOL_CONVERSION = YES;
				CLANG_WARN_CONSTANT_CONVERSION = YES;
				CLANG_WARN_DIRECT_OBJC_ISA_USAGE = YES_ERROR;
				CLANG_WARN_EMPTY_BODY = YES;
				CLANG_WARN_ENUM_CONVERSION = YES;
				CLANG_WARN_INT_CONVERSION = YES;
				CLANG_WARN_OBJC_ROOT_CLASS = YES_ERROR;
				CLANG_WARN_UNREACHABLE_CODE = YES;
				CLANG_WARN__DUPLICATE_METHOD_MATCH = YES;
				"CODE_SIGN_IDENTITY[sdk=iphoneos*]" = "iPhone Developer";
				COPY_PHASE_STRIP = NO;
				DEBUG_INFORMATION_FORMAT = "dwarf-with-dsym";
				ENABLE_NS_ASSERTIONS = NO;
				ENABLE_STRICT_OBJC_MSGSEND = YES;
				GCC_C_LANGUAGE_STANDARD = gnu99;
				GCC_NO_COMMON_BLOCKS = YES;
				GCC_WARN_64_TO_32_BIT_CONVERSION = YES;
				GCC_WARN_ABOUT_RETURN_TYPE = YES_ERROR;
				GCC_WARN_UNDECLARED_SELECTOR = YES;
				GCC_WARN_UNINITIALIZED_AUTOS = YES_AGGRESSIVE;
				GCC_WARN_UNUSED_FUNCTION = YES;
				GCC_WARN_UNUSED_VARIABLE = YES;
				IPHONEOS_DEPLOYMENT_TARGET = 9.2;
				MTL_ENABLE_DEBUG_INFO = NO;
				SDKROOT = iphoneos;
				VALIDATE_PRODUCT = YES;
			};
			name = Release;
		};
		FAC82C431D40C70600230CE2 /* Debug */ = {
			isa = XCBuildConfiguration;
			buildSettings = {
				ASSETCATALOG_COMPILER_APPICON_NAME = AppIcon;
				INFOPLIST_FILE = photoSender/Info.plist;
				LD_RUNPATH_SEARCH_PATHS = "$(inherited) @executable_path/Frameworks";
				PRODUCT_BUNDLE_IDENTIFIER = "-.photoSender";
				PRODUCT_NAME = "$(TARGET_NAME)";
			};
			name = Debug;
		};
		FAC82C441D40C70600230CE2 /* Release */ = {
			isa = XCBuildConfiguration;
			buildSettings = {
				ASSETCATALOG_COMPILER_APPICON_NAME = AppIcon;
				INFOPLIST_FILE = photoSender/Info.plist;
				LD_RUNPATH_SEARCH_PATHS = "$(inherited) @executable_path/Frameworks";
				PRODUCT_BUNDLE_IDENTIFIER = "-.photoSender";
				PRODUCT_NAME = "$(TARGET_NAME)";
			};
			name = Release;
		};
/* End XCBuildConfiguration section */

/* Begin XCConfigurationList section */
		FAC82C2B1D40C70500230CE2 /* Build configuration list for PBXProject "photoSender" */ = {
			isa = XCConfigurationList;
			buildConfigurations = (
				FAC82C401D40C70600230CE2 /* Debug */,
				FAC82C411D40C70600230CE2 /* Release */,
			);
			defaultConfigurationIsVisible = 0;
			defaultConfigurationName = Release;
		};
		FAC82C421D40C70600230CE2 /* Build configuration list for PBXNativeTarget "photoSender" */ = {
			isa = XCConfigurationList;
			buildConfigurations = (
				FAC82C431D40C70600230CE2 /* Debug */,
				FAC82C441D40C70600230CE2 /* Release */,
			);
			defaultConfigurationIsVisible = 0;
		};
/* End XCConfigurationList section */
	};
	rootObject = FAC82C281D40C70500230CE2 /* Project object */;
}
